# THIS IS AN AUTOGENERATED FILE. DO NOT EDIT THIS FILE DIRECTLY.
# yarn lockfile v1


"@react-native-seoul/kakao-login@^2.10.0":
  version "2.10.0"
  resolved "https://registry.yarnpkg.com/@react-native-seoul/kakao-login/-/kakao-login-2.10.0.tgz#8e79772b93b3a0f78f332bd90e0bde71b651a9e1"
  integrity sha512-nk1rxaqx0/wGEboDM2bm9S9DUpT4j95VP3vktozBIeMuGcTMBkNopBpfhqSSZBxGeqliZWF7ikBsllKinkIoBA==
  dependencies:
    dooboolab-welcome "^1.1.0"

dooboolab-welcome@^1.1.0:
  version "1.2.0"
  resolved "https://registry.yarnpkg.com/dooboolab-welcome/-/dooboolab-welcome-1.2.0.tgz#295818ce85a8e97dc90c0ec0510b4008e2d722dc"
  integrity sha512-XgEbjJHAsKLge/e8jtuHsv84Ovg1Gx0GvnOTOmOlVGV1643nduTAkT3fyo/mxKbzvyXBr47RHaJAY4R2toI0UA==
